
Microsoft Visual Studio Solution File, Format Version 12.00
# Visual Studio Version 17
VisualStudioVersion = 17.0.32112.339
MinimumVisualStudioVersion = 10.0.40219.1
Project("{9A19103F-16F7-4668-BE54-9A1E7A4F7556}") = "ProjetoTesteFST1", "ProjetoTesteFST1\ProjetoTesteFST1.csproj", "{B3D40818-CC68-41CA-99CE-99EBAD4F7347}"
EndProject
Project("{9A19103F-16F7-4668-BE54-9A1E7A4F7556}") = "TestMSTest", "TestMSTest\TestMSTest.csproj", "{698264FE-4CDD-46A3-906A-69628063BB55}"
EndProject
Project("{FAE04EC0-301F-11D3-BF4B-00C04F79EFBC}") = "TestXUnit", "TestXUnit\TestXUnit.csproj", "{D7A020CC-3296-4E7B-A1BC-AC57FEA62FB1}"
EndProject
Global
	GlobalSection(SolutionConfigurationPlatforms) = preSolution
		Debug|Any CPU = Debug|Any CPU
		Release|Any CPU = Release|Any CPU
	EndGlobalSection
	GlobalSection(ProjectConfigurationPlatforms) = postSolution
		{B3D40818-CC68-41CA-99CE-99EBAD4F7347}.Debug|Any CPU.ActiveCfg = Debug|Any CPU
		{B3D40818-CC68-41CA-99CE-99EBAD4F7347}.Debug|Any CPU.Build.0 = Debug|Any CPU
		{B3D40818-CC68-41CA-99CE-99EBAD4F7347}.Release|Any CPU.ActiveCfg = Release|Any CPU
		{B3D40818-CC68-41CA-99CE-99EBAD4F7347}.Release|Any CPU.Build.0 = Release|Any CPU
		{698264FE-4CDD-46A3-906A-69628063BB55}.Debug|Any CPU.ActiveCfg = Debug|Any CPU
		{698264FE-4CDD-46A3-906A-69628063BB55}.Debug|Any CPU.Build.0 = Debug|Any CPU
		{698264FE-4CDD-46A3-906A-69628063BB55}.Release|Any CPU.ActiveCfg = Release|Any CPU
		{698264FE-4CDD-46A3-906A-69628063BB55}.Release|Any CPU.Build.0 = Release|Any CPU
		{D7A020CC-3296-4E7B-A1BC-AC57FEA62FB1}.Debug|Any CPU.ActiveCfg = Debug|Any CPU
		{D7A020CC-3296-4E7B-A1BC-AC57FEA62FB1}.Debug|Any CPU.Build.0 = Debug|Any CPU
		{D7A020CC-3296-4E7B-A1BC-AC57FEA62FB1}.Release|Any CPU.ActiveCfg = Release|Any CPU
		{D7A020CC-3296-4E7B-A1BC-AC57FEA62FB1}.Release|Any CPU.Build.0 = Release|Any CPU
	EndGlobalSection
	GlobalSection(SolutionProperties) = preSolution
		HideSolutionNode = FALSE
	EndGlobalSection
	GlobalSection(ExtensibilityGlobals) = postSolution
		SolutionGuid = {15033518-CA6A-4A53-B08D-6E1B68D87DDE}
	EndGlobalSection
EndGlobal
